
Microsoft Visual Studio Solution File, Format Version 12.00
# Visual Studio Version 17
VisualStudioVersion = 17.4.33205.214
MinimumVisualStudioVersion = 10.0.40219.1
Project("{FAE04EC0-301F-11D3-BF4B-00C04F79EFBC}") = "LAB_01", "LAB_01\LAB_01.csproj", "{D7603B70-88A1-48C0-9E93-64755131F366}"
EndProject
Global
	GlobalSection(SolutionConfigurationPlatforms) = preSolution
		Debug|Any CPU = Debug|Any CPU
		Release|Any CPU = Release|Any CPU
	EndGlobalSection
	GlobalSection(ProjectConfigurationPlatforms) = postSolution
		{D7603B70-88A1-48C0-9E93-64755131F366}.Debug|Any CPU.ActiveCfg = Debug|Any CPU
		{D7603B70-88A1-48C0-9E93-64755131F366}.Debug|Any CPU.Build.0 = Debug|Any CPU
		{D7603B70-88A1-48C0-9E93-64755131F366}.Release|Any CPU.ActiveCfg = Release|Any CPU
		{D7603B70-88A1-48C0-9E93-64755131F366}.Release|Any CPU.Build.0 = Release|Any CPU
	EndGlobalSection
	GlobalSection(SolutionProperties) = preSolution
		HideSolutionNode = FALSE
	EndGlobalSection
	GlobalSection(ExtensibilityGlobals) = postSolution
		SolutionGuid = {2285AA09-FF98-4017-8683-5C072652D22B}
	EndGlobalSection
EndGlobal
